
Microsoft Visual Studio Solution File, Format Version 12.00
# Visual Studio Version 17
VisualStudioVersion = 17.13.35931.197 d17.13
MinimumVisualStudioVersion = 10.0.40219.1
Project("{FAE04EC0-301F-11D3-BF4B-00C04F79EFBC}") = "VehicleFunctionApp", "VehicleFunctionApp.csproj", "{1B357BC2-A431-C9A7-F1D0-E598315FCED2}"
EndProject
Project("{FAE04EC0-301F-11D3-BF4B-00C04F79EFBC}") = "VehicleFunctionApp.Tests", "..\VehicleFunctionApp.Tests\VehicleFunctionApp.Tests.csproj", "{3D4F6FA4-994B-49D4-AC93-A517C060F72F}"
EndProject
Global
	GlobalSection(SolutionConfigurationPlatforms) = preSolution
		Debug|Any CPU = Debug|Any CPU
		Release|Any CPU = Release|Any CPU
	EndGlobalSection
	GlobalSection(ProjectConfigurationPlatforms) = postSolution
		{1B357BC2-A431-C9A7-F1D0-E598315FCED2}.Debug|Any CPU.ActiveCfg = Debug|Any CPU
		{1B357BC2-A431-C9A7-F1D0-E598315FCED2}.Debug|Any CPU.Build.0 = Debug|Any CPU
		{1B357BC2-A431-C9A7-F1D0-E598315FCED2}.Release|Any CPU.ActiveCfg = Release|Any CPU
		{1B357BC2-A431-C9A7-F1D0-E598315FCED2}.Release|Any CPU.Build.0 = Release|Any CPU
		{3D4F6FA4-994B-49D4-AC93-A517C060F72F}.Debug|Any CPU.ActiveCfg = Debug|Any CPU
		{3D4F6FA4-994B-49D4-AC93-A517C060F72F}.Debug|Any CPU.Build.0 = Debug|Any CPU
		{3D4F6FA4-994B-49D4-AC93-A517C060F72F}.Release|Any CPU.ActiveCfg = Release|Any CPU
		{3D4F6FA4-994B-49D4-AC93-A517C060F72F}.Release|Any CPU.Build.0 = Release|Any CPU
	EndGlobalSection
	GlobalSection(SolutionProperties) = preSolution
		HideSolutionNode = FALSE
	EndGlobalSection
	GlobalSection(ExtensibilityGlobals) = postSolution
		SolutionGuid = {065FFDC0-9EDF-4E8C-AEAF-D0E4F9350309}
	EndGlobalSection
EndGlobal
